
Microsoft Visual Studio Solution File, Format Version 12.00
# Visual Studio Version 17
VisualStudioVersion = 17.5.002.0
MinimumVisualStudioVersion = 10.0.40219.1
Project("{9A19103F-16F7-4668-BE54-9A1E7A4F7556}") = "PermissionLevels", "PermissionLevels.csproj", "{A9F98C77-9270-419F-BC30-F541BABCF0EB}"
EndProject
Global
	GlobalSection(SolutionConfigurationPlatforms) = preSolution
		Debug|Any CPU = Debug|Any CPU
		Release|Any CPU = Release|Any CPU
	EndGlobalSection
	GlobalSection(ProjectConfigurationPlatforms) = postSolution
		{A9F98C77-9270-419F-BC30-F541BABCF0EB}.Debug|Any CPU.ActiveCfg = Debug|Any CPU
		{A9F98C77-9270-419F-BC30-F541BABCF0EB}.Debug|Any CPU.Build.0 = Debug|Any CPU
		{A9F98C77-9270-419F-BC30-F541BABCF0EB}.Release|Any CPU.ActiveCfg = Release|Any CPU
		{A9F98C77-9270-419F-BC30-F541BABCF0EB}.Release|Any CPU.Build.0 = Release|Any CPU
	EndGlobalSection
	GlobalSection(SolutionProperties) = preSolution
		HideSolutionNode = FALSE
	EndGlobalSection
	GlobalSection(ExtensibilityGlobals) = postSolution
		SolutionGuid = {6F1C4F9F-B3AB-4973-B994-F39746315FD2}
	EndGlobalSection
EndGlobal
